{
    "format_version": "1.1",
    "terraform_version": "1.2.4",
    "planned_values": {
        "root_module": {
            "resources": [
                {
                    "address": "aws_iam_policy.demo_policy",
                    "mode": "managed",
                    "type": "aws_iam_policy",
                    "name": "demo_policy",
                    "provider_name": "registry.terraform.io/hashicorp/aws",
                    "schema_version": 0,
                    "values": {
                        "description": "This is an IAM policy for demo purpose",
                        "name": "demo-policy",
                        "name_prefix": null,
                        "path": "/",
                        "tags": null
                    },
                    "sensitive_values": {
                        "tags_all": {}
                    }
                },
                {
                    "address": "aws_s3_bucket.demo",
                    "mode": "managed",
                    "type": "aws_s3_bucket",
                    "name": "demo",
                    "provider_name": "registry.terraform.io/hashicorp/aws",
                    "schema_version": 0,
                    "values": {
                        "bucket": "demo-bucket",
                        "bucket_prefix": null,
                        "force_destroy": false,
                        "tags": {
                            "Environment": "Dev",
                            "Name": "Demo bucket"
                        },
                        "tags_all": {
                            "Environment": "Dev",
                            "Name": "Demo bucket"
                        }
                    },
                    "sensitive_values": {
                        "cors_rule": [],
                        "grant": [],
                        "lifecycle_rule": [],
                        "logging": [],
                        "object_lock_configuration": [],
                        "replication_configuration": [],
                        "server_side_encryption_configuration": [],
                        "tags": {},
                        "tags_all": {},
                        "versioning": [],
                        "website": []
                    }
                }
            ]
        }
    },
    "resource_drift": [
        {
            "address": "aws_iam_policy.demo_policy",
            "mode": "managed",
            "type": "aws_iam_policy",
            "name": "demo_policy",
            "provider_name": "registry.terraform.io/hashicorp/aws",
            "change": {
                "actions": [
                    "update"
                ],
                "before": {
                    "arn": "arn:aws:iam::919512924188:policy/demo-policy",
                    "description": "This is a problematic IAM policy for demo purpose",
                    "id": "arn:aws:iam::919512924188:policy/demo-policy",
                    "name": "demo-policy",
                    "name_prefix": null,
                    "path": "/",
                    "policy": "{\"Statement\":[{\"Action\":\"iam:PassRole\",\"Condition\":{\"StringEquals\":{\"iam:PassedToService\":\"lambda.aws\"}},\"Effect\":\"Allow\",\"Resource\":\"arn:aws:iam::944244584276:role/topping-*\",\"Sid\":\"PassExecutionRole\"},{\"Action\":[\"lambda:ListFunctions\",\"lambda:ListEventSourceMappings\",\"lambda:GetAccountSettings\",\"iam:ListRoles\"],\"Effect\":\"Allow\",\"Resource\":\"*\",\"Sid\":\"ReadOnlyPermissions\"},{\"Action\":[\"lambda:invokeFunction\",\"lambda:UpdateFunctionCode\",\"lambda:ListVersionsByFunction\",\"lambda:ListTags\",\"lambda:ListProvisionedConcurrencyConfigs\",\"lambda:ListAliases\",\"lambda:GetPolicy\",\"lambda:GetFunctionEventInvokeConfig\",\"lambda:GetFunctionCodeSigningConfig\",\"lambda:GetFunction\",\"lambda:CreateFunction\"],\"Effect\":\"Allow\",\"Resource\":\"arn:aws:lambda:us-east-1:919512924188:function:pizza-*\",\"Sid\":\"ViewAndConfigureFunctions\"}],\"Version\":\"2012-10-17\"}",
                    "policy_id": "ANPA5MFZ5YAOGAEJS2BH6",
                    "tags": null,
                    "tags_all": {}
                },
                "after": {
                    "arn": "arn:aws:iam::919512924188:policy/demo-policy",
                    "description": "This is a problematic IAM policy for demo purpose",
                    "id": "arn:aws:iam::919512924188:policy/demo-policy",
                    "name": "demo-policy",
                    "name_prefix": null,
                    "path": "/",
                    "policy": "{\"Statement\":[{\"Action\":\"iam:PassRole\",\"Condition\":{\"StringEquals\":{\"iam:PassedToService\":\"lambda.aws\"}},\"Effect\":\"Allow\",\"Resource\":\"arn:aws:iam::944244584276:role/topping-*\",\"Sid\":\"PassExecutionRole\"},{\"Action\":[\"lambda:ListFunctions\",\"lambda:ListEventSourceMappings\",\"lambda:GetAccountSettings\",\"iam:ListRoles\"],\"Effect\":\"Allow\",\"Resource\":\"*\",\"Sid\":\"ReadOnlyPermissions\"},{\"Action\":[\"lambda:invokeFunction\",\"lambda:UpdateFunctionCode\",\"lambda:ListVersionsByFunction\",\"lambda:ListTags\",\"lambda:ListProvisionedConcurrencyConfigs\",\"lambda:ListAliases\",\"lambda:GetPolicy\",\"lambda:GetFunctionEventInvokeConfig\",\"lambda:GetFunctionCodeSigningConfig\",\"lambda:GetFunction\",\"lambda:CreateFunction\"],\"Effect\":\"Allow\",\"Resource\":\"arn:aws:lambda:us-east-1:919512924188:function:pizza-*\",\"Sid\":\"ViewAndConfigureFunctions\"}],\"Version\":\"2012-10-17\"}",
                    "policy_id": "ANPA5MFZ5YAOGAEJS2BH6",
                    "tags": {},
                    "tags_all": {}
                },
                "after_unknown": {},
                "before_sensitive": {
                    "tags_all": {}
                },
                "after_sensitive": {
                    "tags": {},
                    "tags_all": {}
                }
            }
        }
    ],
    "resource_changes": [
        {
            "address": "aws_iam_policy.demo_policy",
            "mode": "managed",
            "type": "aws_iam_policy",
            "name": "demo_policy",
            "provider_name": "registry.terraform.io/hashicorp/aws",
            "change": {
                "actions": [
                    "delete",
                    "create"
                ],
                "before": {
                    "arn": "arn:aws:iam::919512924188:policy/demo-policy",
                    "description": "This is a problematic IAM policy for demo purpose",
                    "id": "arn:aws:iam::919512924188:policy/demo-policy",
                    "name": "demo-policy",
                    "name_prefix": null,
                    "path": "/",
                    "policy": "{\"Statement\":[{\"Action\":\"iam:PassRole\",\"Condition\":{\"StringEquals\":{\"iam:PassedToService\":\"lambda.aws\"}},\"Effect\":\"Allow\",\"Resource\":\"arn:aws:iam::944244584276:role/topping-*\",\"Sid\":\"PassExecutionRole\"},{\"Action\":[\"lambda:ListFunctions\",\"lambda:ListEventSourceMappings\",\"lambda:GetAccountSettings\",\"iam:ListRoles\"],\"Effect\":\"Allow\",\"Resource\":\"*\",\"Sid\":\"ReadOnlyPermissions\"},{\"Action\":[\"lambda:invokeFunction\",\"lambda:UpdateFunctionCode\",\"lambda:ListVersionsByFunction\",\"lambda:ListTags\",\"lambda:ListProvisionedConcurrencyConfigs\",\"lambda:ListAliases\",\"lambda:GetPolicy\",\"lambda:GetFunctionEventInvokeConfig\",\"lambda:GetFunctionCodeSigningConfig\",\"lambda:GetFunction\",\"lambda:CreateFunction\"],\"Effect\":\"Allow\",\"Resource\":\"arn:aws:lambda:us-east-1:919512924188:function:pizza-*\",\"Sid\":\"ViewAndConfigureFunctions\"}],\"Version\":\"2012-10-17\"}",
                    "policy_id": "ANPA5MFZ5YAOGAEJS2BH6",
                    "tags": {},
                    "tags_all": {}
                },
                "after": {
                    "description": "This is an IAM policy for demo purpose",
                    "name": "demo-policy",
                    "name_prefix": null,
                    "path": "/",
                    "tags": null
                },
                "after_unknown": {
                    "arn": true,
                    "id": true,
                    "policy": true,
                    "policy_id": true,
                    "tags_all": true
                },
                "before_sensitive": {
                    "tags": {},
                    "tags_all": {}
                },
                "after_sensitive": {
                    "tags_all": {}
                },
                "replace_paths": [
                    [
                        "description"
                    ]
                ]
            },
            "action_reason": "replace_because_cannot_update"
        },
        {
            "address": "aws_s3_bucket.demo",
            "mode": "managed",
            "type": "aws_s3_bucket",
            "name": "demo",
            "provider_name": "registry.terraform.io/hashicorp/aws",
            "change": {
                "actions": [
                    "create"
                ],
                "before": null,
                "after": {
                    "bucket": "demo-bucket",
                    "bucket_prefix": null,
                    "force_destroy": false,
                    "tags": {
                        "Environment": "Dev",
                        "Name": "Demo bucket"
                    },
                    "tags_all": {
                        "Environment": "Dev",
                        "Name": "Demo bucket"
                    }
                },
                "after_unknown": {
                    "acceleration_status": true,
                    "acl": true,
                    "arn": true,
                    "bucket_domain_name": true,
                    "bucket_regional_domain_name": true,
                    "cors_rule": true,
                    "grant": true,
                    "hosted_zone_id": true,
                    "id": true,
                    "lifecycle_rule": true,
                    "logging": true,
                    "object_lock_configuration": true,
                    "object_lock_enabled": true,
                    "policy": true,
                    "region": true,
                    "replication_configuration": true,
                    "request_payer": true,
                    "server_side_encryption_configuration": true,
                    "tags": {},
                    "tags_all": {},
                    "versioning": true,
                    "website": true,
                    "website_domain": true,
                    "website_endpoint": true
                },
                "before_sensitive": false,
                "after_sensitive": {
                    "cors_rule": [],
                    "grant": [],
                    "lifecycle_rule": [],
                    "logging": [],
                    "object_lock_configuration": [],
                    "replication_configuration": [],
                    "server_side_encryption_configuration": [],
                    "tags": {},
                    "tags_all": {},
                    "versioning": [],
                    "website": []
                }
            }
        }
    ],
    "prior_state": {
        "format_version": "1.0",
        "terraform_version": "1.2.4",
        "values": {
            "root_module": {
                "resources": [
                    {
                        "address": "aws_iam_policy.demo_policy",
                        "mode": "managed",
                        "type": "aws_iam_policy",
                        "name": "demo_policy",
                        "provider_name": "registry.terraform.io/hashicorp/aws",
                        "schema_version": 0,
                        "values": {
                            "arn": "arn:aws:iam::919512924188:policy/demo-policy",
                            "description": "This is a problematic IAM policy for demo purpose",
                            "id": "arn:aws:iam::919512924188:policy/demo-policy",
                            "name": "demo-policy",
                            "name_prefix": null,
                            "path": "/",
                            "policy": "{\"Statement\":[{\"Action\":\"iam:PassRole\",\"Condition\":{\"StringEquals\":{\"iam:PassedToService\":\"lambda.aws\"}},\"Effect\":\"Allow\",\"Resource\":\"arn:aws:iam::944244584276:role/topping-*\",\"Sid\":\"PassExecutionRole\"},{\"Action\":[\"lambda:ListFunctions\",\"lambda:ListEventSourceMappings\",\"lambda:GetAccountSettings\",\"iam:ListRoles\"],\"Effect\":\"Allow\",\"Resource\":\"*\",\"Sid\":\"ReadOnlyPermissions\"},{\"Action\":[\"lambda:invokeFunction\",\"lambda:UpdateFunctionCode\",\"lambda:ListVersionsByFunction\",\"lambda:ListTags\",\"lambda:ListProvisionedConcurrencyConfigs\",\"lambda:ListAliases\",\"lambda:GetPolicy\",\"lambda:GetFunctionEventInvokeConfig\",\"lambda:GetFunctionCodeSigningConfig\",\"lambda:GetFunction\",\"lambda:CreateFunction\"],\"Effect\":\"Allow\",\"Resource\":\"arn:aws:lambda:us-east-1:919512924188:function:pizza-*\",\"Sid\":\"ViewAndConfigureFunctions\"}],\"Version\":\"2012-10-17\"}",
                            "policy_id": "ANPA5MFZ5YAOGAEJS2BH6",
                            "tags": {},
                            "tags_all": {}
                        },
                        "sensitive_values": {
                            "tags": {},
                            "tags_all": {}
                        },
                        "depends_on": [
                            "aws_s3_bucket.demo",
                            "data.aws_iam_policy_document.demo_policy"
                        ]
                    }
                ]
            }
        }
    },
    "configuration": {
        "provider_config": {
            "aws": {
                "name": "aws",
                "full_name": "registry.terraform.io/hashicorp/aws",
                "expressions": {
                    "region": {
                        "constant_value": "us-east-1"
                    }
                }
            }
        },
        "root_module": {
            "resources": [
                {
                    "address": "aws_iam_policy.demo_policy",
                    "mode": "managed",
                    "type": "aws_iam_policy",
                    "name": "demo_policy",
                    "provider_config_key": "aws",
                    "expressions": {
                        "description": {
                            "constant_value": "This is an IAM policy for demo purpose"
                        },
                        "name": {
                            "constant_value": "demo-policy"
                        },
                        "policy": {
                            "references": [
                                "aws_s3_bucket.demo.arn",
                                "aws_s3_bucket.demo"
                            ]
                        }
                    },
                    "schema_version": 0
                },
                {
                    "address": "aws_s3_bucket.demo",
                    "mode": "managed",
                    "type": "aws_s3_bucket",
                    "name": "demo",
                    "provider_config_key": "aws",
                    "expressions": {
                        "bucket": {
                            "constant_value": "demo-bucket"
                        },
                        "tags": {
                            "constant_value": {
                                "Environment": "Dev",
                                "Name": "Demo bucket"
                            }
                        }
                    },
                    "schema_version": 0
                }
            ]
        }
    },
    "relevant_attributes": [
        {
            "resource": "aws_s3_bucket.demo",
            "attribute": [
                "arn"
            ]
        }
    ]
}