{
    "format_version": "1.1",
    "terraform_version": "1.2.4",
    "planned_values": {
        "root_module": {
            "resources": [
                {
                    "address": "aws_iam_policy.demo_policy",
                    "mode": "managed",
                    "type": "aws_iam_policy",
                    "name": "demo_policy",
                    "provider_name": "registry.terraform.io/hashicorp/aws",
                    "schema_version": 0,
                    "values": {
                        "description": "This is an IAM policy for demo purpose",
                        "name": "demo-policy",
                        "name_prefix": null,
                        "path": "/",
                        "policy": "{\"Statement\":[{\"Action\":[\"ec2:Describes\"],\"Effect\":\"Allow\",\"Resource\":\"arn:aws:s3:::thursdemobucket\"}],\"Version\":\"2012-10-17\"}",
                        "tags": null
                    },
                    "sensitive_values": {
                        "tags_all": {}
                    }
                }
            ]
        }
    },
    "resource_drift": [
        {
            "address": "aws_iam_policy.demo_policy",
            "mode": "managed",
            "type": "aws_iam_policy",
            "name": "demo_policy",
            "provider_name": "registry.terraform.io/hashicorp/aws",
            "change": {
                "actions": [
                    "update"
                ],
                "before": {
                    "arn": "arn:aws:iam::919512924188:policy/demo-policy",
                    "description": "This is a problematic IAM policy for demo purpose",
                    "id": "arn:aws:iam::919512924188:policy/demo-policy",
                    "name": "demo-policy",
                    "name_prefix": null,
                    "path": "/",
                    "policy": "{\"Statement\":[{\"Action\":\"iam:PassRole\",\"Condition\":{\"StringEquals\":{\"iam:PassedToService\":\"lambda.aws\"}},\"Effect\":\"Allow\",\"Resource\":\"arn:aws:iam::944244584276:role/topping-*\",\"Sid\":\"PassExecutionRole\"},{\"Action\":[\"lambda:ListFunctions\",\"lambda:ListEventSourceMappings\",\"lambda:GetAccountSettings\",\"iam:ListRoles\"],\"Effect\":\"Allow\",\"Resource\":\"*\",\"Sid\":\"ReadOnlyPermissions\"},{\"Action\":[\"lambda:invokeFunction\",\"lambda:UpdateFunctionCode\",\"lambda:ListVersionsByFunction\",\"lambda:ListTags\",\"lambda:ListProvisionedConcurrencyConfigs\",\"lambda:ListAliases\",\"lambda:GetPolicy\",\"lambda:GetFunctionEventInvokeConfig\",\"lambda:GetFunctionCodeSigningConfig\",\"lambda:GetFunction\",\"lambda:CreateFunction\"],\"Effect\":\"Allow\",\"Resource\":\"arn:aws:lambda:us-east-1:919512924188:function:pizza-*\",\"Sid\":\"ViewAndConfigureFunctions\"}],\"Version\":\"2012-10-17\"}",
                    "policy_id": "ANPA5MFZ5YAOGAEJS2BH6",
                    "tags": null,
                    "tags_all": {}
                },
                "after": {
                    "arn": "arn:aws:iam::919512924188:policy/demo-policy",
                    "description": "This is a problematic IAM policy for demo purpose",
                    "id": "arn:aws:iam::919512924188:policy/demo-policy",
                    "name": "demo-policy",
                    "name_prefix": null,
                    "path": "/",
                    "policy": "{\"Statement\":[{\"Action\":\"iam:PassRole\",\"Condition\":{\"StringEquals\":{\"iam:PassedToService\":\"lambda.aws\"}},\"Effect\":\"Allow\",\"Resource\":\"arn:aws:iam::944244584276:role/topping-*\",\"Sid\":\"PassExecutionRole\"},{\"Action\":[\"lambda:ListFunctions\",\"lambda:ListEventSourceMappings\",\"lambda:GetAccountSettings\",\"iam:ListRoles\"],\"Effect\":\"Allow\",\"Resource\":\"*\",\"Sid\":\"ReadOnlyPermissions\"},{\"Action\":[\"lambda:invokeFunction\",\"lambda:UpdateFunctionCode\",\"lambda:ListVersionsByFunction\",\"lambda:ListTags\",\"lambda:ListProvisionedConcurrencyConfigs\",\"lambda:ListAliases\",\"lambda:GetPolicy\",\"lambda:GetFunctionEventInvokeConfig\",\"lambda:GetFunctionCodeSigningConfig\",\"lambda:GetFunction\",\"lambda:CreateFunction\"],\"Effect\":\"Allow\",\"Resource\":\"arn:aws:lambda:us-east-1:919512924188:function:pizza-*\",\"Sid\":\"ViewAndConfigureFunctions\"}],\"Version\":\"2012-10-17\"}",
                    "policy_id": "ANPA5MFZ5YAOGAEJS2BH6",
                    "tags": {},
                    "tags_all": {}
                },
                "after_unknown": {},
                "before_sensitive": {
                    "tags_all": {}
                },
                "after_sensitive": {
                    "tags": {},
                    "tags_all": {}
                }
            }
        }
    ],
    "resource_changes": [
        {
            "address": "aws_iam_policy.demo_policy",
            "mode": "managed",
            "type": "aws_iam_policy",
            "name": "demo_policy",
            "provider_name": "registry.terraform.io/hashicorp/aws",
            "change": {
                "actions": [
                    "delete",
                    "create"
                ],
                "before": {
                    "arn": "arn:aws:iam::919512924188:policy/demo-policy",
                    "description": "This is a problematic IAM policy for demo purpose",
                    "id": "arn:aws:iam::919512924188:policy/demo-policy",
                    "name": "demo-policy",
                    "name_prefix": null,
                    "path": "/",
                    "policy": "{\"Statement\":[{\"Action\":\"iam:PassRole\",\"Condition\":{\"StringEquals\":{\"iam:PassedToService\":\"lambda.aws\"}},\"Effect\":\"Allow\",\"Resource\":\"arn:aws:iam::944244584276:role/topping-*\",\"Sid\":\"PassExecutionRole\"},{\"Action\":[\"lambda:ListFunctions\",\"lambda:ListEventSourceMappings\",\"lambda:GetAccountSettings\",\"iam:ListRoles\"],\"Effect\":\"Allow\",\"Resource\":\"*\",\"Sid\":\"ReadOnlyPermissions\"},{\"Action\":[\"lambda:invokeFunction\",\"lambda:UpdateFunctionCode\",\"lambda:ListVersionsByFunction\",\"lambda:ListTags\",\"lambda:ListProvisionedConcurrencyConfigs\",\"lambda:ListAliases\",\"lambda:GetPolicy\",\"lambda:GetFunctionEventInvokeConfig\",\"lambda:GetFunctionCodeSigningConfig\",\"lambda:GetFunction\",\"lambda:CreateFunction\"],\"Effect\":\"Allow\",\"Resource\":\"arn:aws:lambda:us-east-1:919512924188:function:pizza-*\",\"Sid\":\"ViewAndConfigureFunctions\"}],\"Version\":\"2012-10-17\"}",
                    "policy_id": "ANPA5MFZ5YAOGAEJS2BH6",
                    "tags": {},
                    "tags_all": {}
                },
                "after": {
                    "description": "This is an IAM policy for demo purpose",
                    "name": "demo-policy",
                    "name_prefix": null,
                    "path": "/",
                    "policy": "{\"Statement\":[{\"Action\":[\"ec2:Describe*\"],\"Effect\":\"Allow\",\"Resource\":\"arn:aws:s3:::thursdemobucket\"}],\"Version\":\"2012-10-17\"}",
                    "tags": null
                },
                "after_unknown": {
                    "arn": true,
                    "id": true,
                    "policy_id": true,
                    "tags_all": true
                },
                "before_sensitive": {
                    "tags": {},
                    "tags_all": {}
                },
                "after_sensitive": {
                    "tags_all": {}
                },
                "replace_paths": [
                    [
                        "description"
                    ]
                ]
            },
            "action_reason": "replace_because_cannot_update"
        }
    ],
    "prior_state": {
        "format_version": "1.0",
        "terraform_version": "1.2.4",
        "values": {
            "root_module": {
                "resources": [
                    {
                        "address": "aws_iam_policy.demo_policy",
                        "mode": "managed",
                        "type": "aws_iam_policy",
                        "name": "demo_policy",
                        "provider_name": "registry.terraform.io/hashicorp/aws",
                        "schema_version": 0,
                        "values": {
                            "arn": "arn:aws:iam::919512924188:policy/demo-policy",
                            "description": "This is a problematic IAM policy for demo purpose",
                            "id": "arn:aws:iam::919512924188:policy/demo-policy",
                            "name": "demo-policy",
                            "name_prefix": null,
                            "path": "/",
                            "policy": "{\"Statement\":[{\"Action\":\"iam:PassRole\",\"Condition\":{\"StringEquals\":{\"iam:PassedToService\":\"lambda.aws\"}},\"Effect\":\"Allow\",\"Resource\":\"arn:aws:iam::944244584276:role/topping-*\",\"Sid\":\"PassExecutionRole\"},{\"Action\":[\"lambda:ListFunctions\",\"lambda:ListEventSourceMappings\",\"lambda:GetAccountSettings\",\"iam:ListRoles\"],\"Effect\":\"Allow\",\"Resource\":\"*\",\"Sid\":\"ReadOnlyPermissions\"},{\"Action\":[\"lambda:invokeFunction\",\"lambda:UpdateFunctionCode\",\"lambda:ListVersionsByFunction\",\"lambda:ListTags\",\"lambda:ListProvisionedConcurrencyConfigs\",\"lambda:ListAliases\",\"lambda:GetPolicy\",\"lambda:GetFunctionEventInvokeConfig\",\"lambda:GetFunctionCodeSigningConfig\",\"lambda:GetFunction\",\"lambda:CreateFunction\"],\"Effect\":\"Allow\",\"Resource\":\"arn:aws:lambda:us-east-1:919512924188:function:pizza-*\",\"Sid\":\"ViewAndConfigureFunctions\"}],\"Version\":\"2012-10-17\"}",
                            "policy_id": "ANPA5MFZ5YAOGAEJS2BH6",
                            "tags": {},
                            "tags_all": {}
                        },
                        "sensitive_values": {
                            "tags": {},
                            "tags_all": {}
                        },
                        "depends_on": [
                            "data.aws_iam_policy_document.demo_policy"
                        ]
                    }
                ]
            }
        }
    },
    "configuration": {
        "provider_config": {
            "aws": {
                "name": "aws",
                "full_name": "registry.terraform.io/hashicorp/aws",
                "expressions": {
                    "region": {
                        "constant_value": "us-east-1"
                    }
                }
            }
        },
        "root_module": {
            "resources": [
                {
                    "address": "aws_iam_policy.demo_policy",
                    "mode": "managed",
                    "type": "aws_iam_policy",
                    "name": "demo_policy",
                    "provider_config_key": "aws",
                    "expressions": {
                        "description": {
                            "constant_value": "This is an IAM policy for demo purpose"
                        },
                        "name": {
                            "constant_value": "demo-policy"
                        },
                        "policy": {}
                    },
                    "schema_version": 0
                }
            ]
        }
    }
}